
Microsoft Visual Studio Solution File, Format Version 12.00
# Visual Studio 15
VisualStudioVersion = 15.0.28307.421
MinimumVisualStudioVersion = 10.0.40219.1
Project("{FAE04EC0-301F-11D3-BF4B-00C04F79EFBC}") = "CompanyCard", "CompanyCard\CompanyCard.csproj", "{3FA8BB4C-D24E-47E4-998E-AEC96C9DB07F}"
EndProject
Global
	GlobalSection(SolutionConfigurationPlatforms) = preSolution
		Debug|Any CPU = Debug|Any CPU
		Release|Any CPU = Release|Any CPU
	EndGlobalSection
	GlobalSection(ProjectConfigurationPlatforms) = postSolution
		{3FA8BB4C-D24E-47E4-998E-AEC96C9DB07F}.Debug|Any CPU.ActiveCfg = Debug|Any CPU
		{3FA8BB4C-D24E-47E4-998E-AEC96C9DB07F}.Debug|Any CPU.Build.0 = Debug|Any CPU
		{3FA8BB4C-D24E-47E4-998E-AEC96C9DB07F}.Release|Any CPU.ActiveCfg = Release|Any CPU
		{3FA8BB4C-D24E-47E4-998E-AEC96C9DB07F}.Release|Any CPU.Build.0 = Release|Any CPU
	EndGlobalSection
	GlobalSection(SolutionProperties) = preSolution
		HideSolutionNode = FALSE
	EndGlobalSection
	GlobalSection(ExtensibilityGlobals) = postSolution
		SolutionGuid = {8DC9A6BC-D076-4DAB-9B31-835ED480E4AF}
	EndGlobalSection
EndGlobal
